
Microsoft Visual Studio Solution File, Format Version 12.00
# Visual Studio 15
VisualStudioVersion = 15.0.28307.421
MinimumVisualStudioVersion = 10.0.40219.1
Project("{9A19103F-16F7-4668-BE54-9A1E7A4F7556}") = "MyMusicCollection", "MyMusicCollection\MyMusicCollection.csproj", "{51440979-4FBA-4118-B115-D5DD653CA4F8}"
EndProject
Project("{9A19103F-16F7-4668-BE54-9A1E7A4F7556}") = "MyMusicCollection.Tests", "MyMusicCollection.Tests\MyMusicCollection.Tests.csproj", "{CE4655CB-6EED-4C8E-981C-1D9B51FA4856}"
EndProject
Global
	GlobalSection(SolutionConfigurationPlatforms) = preSolution
		Debug|Any CPU = Debug|Any CPU
		Release|Any CPU = Release|Any CPU
	EndGlobalSection
	GlobalSection(ProjectConfigurationPlatforms) = postSolution
		{51440979-4FBA-4118-B115-D5DD653CA4F8}.Debug|Any CPU.ActiveCfg = Debug|Any CPU
		{51440979-4FBA-4118-B115-D5DD653CA4F8}.Debug|Any CPU.Build.0 = Debug|Any CPU
		{51440979-4FBA-4118-B115-D5DD653CA4F8}.Release|Any CPU.ActiveCfg = Release|Any CPU
		{51440979-4FBA-4118-B115-D5DD653CA4F8}.Release|Any CPU.Build.0 = Release|Any CPU
		{CE4655CB-6EED-4C8E-981C-1D9B51FA4856}.Debug|Any CPU.ActiveCfg = Debug|Any CPU
		{CE4655CB-6EED-4C8E-981C-1D9B51FA4856}.Debug|Any CPU.Build.0 = Debug|Any CPU
		{CE4655CB-6EED-4C8E-981C-1D9B51FA4856}.Release|Any CPU.ActiveCfg = Release|Any CPU
		{CE4655CB-6EED-4C8E-981C-1D9B51FA4856}.Release|Any CPU.Build.0 = Release|Any CPU
	EndGlobalSection
	GlobalSection(SolutionProperties) = preSolution
		HideSolutionNode = FALSE
	EndGlobalSection
	GlobalSection(ExtensibilityGlobals) = postSolution
		SolutionGuid = {BDAA0C9D-F369-4C2F-962E-096C1F1115F6}
	EndGlobalSection
EndGlobal
